
Microsoft Visual Studio Solution File, Format Version 12.00
# Visual Studio Version 17
VisualStudioVersion = 17.2.32505.173
MinimumVisualStudioVersion = 10.0.40219.1
Project("{FAE04EC0-301F-11D3-BF4B-00C04F79EFBC}") = "Arrow_Factories", "Arrow_Factories\Arrow_Factories.csproj", "{78CACC99-29F5-4524-905F-1D526C72B4D0}"
EndProject
Global
	GlobalSection(SolutionConfigurationPlatforms) = preSolution
		Debug|Any CPU = Debug|Any CPU
		Release|Any CPU = Release|Any CPU
	EndGlobalSection
	GlobalSection(ProjectConfigurationPlatforms) = postSolution
		{78CACC99-29F5-4524-905F-1D526C72B4D0}.Debug|Any CPU.ActiveCfg = Debug|Any CPU
		{78CACC99-29F5-4524-905F-1D526C72B4D0}.Debug|Any CPU.Build.0 = Debug|Any CPU
		{78CACC99-29F5-4524-905F-1D526C72B4D0}.Release|Any CPU.ActiveCfg = Release|Any CPU
		{78CACC99-29F5-4524-905F-1D526C72B4D0}.Release|Any CPU.Build.0 = Release|Any CPU
	EndGlobalSection
	GlobalSection(SolutionProperties) = preSolution
		HideSolutionNode = FALSE
	EndGlobalSection
	GlobalSection(ExtensibilityGlobals) = postSolution
		SolutionGuid = {6472DD6E-E96F-43E5-AC99-EB17470D61ED}
	EndGlobalSection
EndGlobal
